
Microsoft Visual Studio Solution File, Format Version 12.00
# Visual Studio 15
VisualStudioVersion = 15.0.27004.2002
MinimumVisualStudioVersion = 10.0.40219.1
Project("{9A19103F-16F7-4668-BE54-9A1E7A4F7556}") = "TestWork", "TestWork\TestWork.csproj", "{134B5429-61A2-4770-91B2-B2BF3FA5DB7F}"
EndProject
Global
	GlobalSection(SolutionConfigurationPlatforms) = preSolution
		Debug|Any CPU = Debug|Any CPU
		Release|Any CPU = Release|Any CPU
	EndGlobalSection
	GlobalSection(ProjectConfigurationPlatforms) = postSolution
		{134B5429-61A2-4770-91B2-B2BF3FA5DB7F}.Debug|Any CPU.ActiveCfg = Debug|Any CPU
		{134B5429-61A2-4770-91B2-B2BF3FA5DB7F}.Debug|Any CPU.Build.0 = Debug|Any CPU
		{134B5429-61A2-4770-91B2-B2BF3FA5DB7F}.Release|Any CPU.ActiveCfg = Release|Any CPU
		{134B5429-61A2-4770-91B2-B2BF3FA5DB7F}.Release|Any CPU.Build.0 = Release|Any CPU
	EndGlobalSection
	GlobalSection(SolutionProperties) = preSolution
		HideSolutionNode = FALSE
	EndGlobalSection
	GlobalSection(ExtensibilityGlobals) = postSolution
		SolutionGuid = {FAC3DDD0-ED8B-4F74-AA82-E853B49B86D7}
	EndGlobalSection
EndGlobal
